// !$*UTF8*$!
{
	archiveVersion = 1;
	classes = {
	};
	objectVersion = 50;
	objects = {

/* Begin PBXBuildFile section */
		9E45771CDF715126B23452E3 /* libPods-TVStationProject.a in Frameworks */ = {isa = PBXBuildFile; fileRef = 55DAA1BFFD7AB213E0769A17 /* libPods-TVStationProject.a */; };
		DC0EBA68248F630E00CA22F9 /* TSNetworkUtil.m in Sources */ = {isa = PBXBuildFile; fileRef = DC0EBA67248F630E00CA22F9 /* TSNetworkUtil.m */; };
		DC5A5B46248DED3800FD6997 /* Assets.xcassets in Resources */ = {isa = PBXBuildFile; fileRef = DC5A5B45248DED3800FD6997 /* Assets.xcassets */; };
		DC6592532488F9B400D19765 /* LaunchScreen.storyboard in Resources */ = {isa = PBXBuildFile; fileRef = DC6592512488F9B400D19765 /* LaunchScreen.storyboard */; };
		DC6592562488F9B400D19765 /* main.m in Sources */ = {isa = PBXBuildFile; fileRef = DC6592552488F9B400D19765 /* main.m */; };
		DC6592A02489D5DD00D19765 /* AppDelegate.m in Sources */ = {isa = PBXBuildFile; fileRef = DC6592952489D5DD00D19765 /* AppDelegate.m */; };
		DC6592A12489D5DD00D19765 /* BaseViewController.m in Sources */ = {isa = PBXBuildFile; fileRef = DC6592992489D5DD00D19765 /* BaseViewController.m */; };
		DC6592A22489D5DD00D19765 /* BaseNavigationController.m in Sources */ = {isa = PBXBuildFile; fileRef = DC65929B2489D5DD00D19765 /* BaseNavigationController.m */; };
		DC6592A32489D5DD00D19765 /* BaseTabbarController.m in Sources */ = {isa = PBXBuildFile; fileRef = DC65929D2489D5DD00D19765 /* BaseTabbarController.m */; };
		DC6592A62489DA4600D19765 /* TSLaunchViewController.m in Sources */ = {isa = PBXBuildFile; fileRef = DC6592A52489DA4600D19765 /* TSLaunchViewController.m */; };
		DC751587248E2CD1004FE068 /* TSNetworkManager.m in Sources */ = {isa = PBXBuildFile; fileRef = DC751586248E2CD1004FE068 /* TSNetworkManager.m */; };
		DC75158A248E2D32004FE068 /* TSBaseRequest.m in Sources */ = {isa = PBXBuildFile; fileRef = DC751589248E2D32004FE068 /* TSBaseRequest.m */; };
/* End PBXBuildFile section */

/* Begin PBXFileReference section */
		55DAA1BFFD7AB213E0769A17 /* libPods-TVStationProject.a */ = {isa = PBXFileReference; explicitFileType = archive.ar; includeInIndex = 0; path = "libPods-TVStationProject.a"; sourceTree = BUILT_PRODUCTS_DIR; };
		DC0EBA66248F630E00CA22F9 /* TSNetworkUtil.h */ = {isa = PBXFileReference; lastKnownFileType = sourcecode.c.h; path = TSNetworkUtil.h; sourceTree = "<group>"; };
		DC0EBA67248F630E00CA22F9 /* TSNetworkUtil.m */ = {isa = PBXFileReference; lastKnownFileType = sourcecode.c.objc; path = TSNetworkUtil.m; sourceTree = "<group>"; };
		DC4B7022BE4D60EB8379C0A3 /* Pods-TVStationProject.release.xcconfig */ = {isa = PBXFileReference; includeInIndex = 1; lastKnownFileType = text.xcconfig; name = "Pods-TVStationProject.release.xcconfig"; path = "Target Support Files/Pods-TVStationProject/Pods-TVStationProject.release.xcconfig"; sourceTree = "<group>"; };
		DC5A5B45248DED3800FD6997 /* Assets.xcassets */ = {isa = PBXFileReference; lastKnownFileType = folder.assetcatalog; path = Assets.xcassets; sourceTree = "<group>"; };
		DC6592402488F9B300D19765 /* TVStationProject.app */ = {isa = PBXFileReference; explicitFileType = wrapper.application; includeInIndex = 0; path = TVStationProject.app; sourceTree = BUILT_PRODUCTS_DIR; };
		DC6592522488F9B400D19765 /* Base */ = {isa = PBXFileReference; lastKnownFileType = file.storyboard; name = Base; path = Base.lproj/LaunchScreen.storyboard; sourceTree = "<group>"; };
		DC6592542488F9B400D19765 /* Info.plist */ = {isa = PBXFileReference; lastKnownFileType = text.plist.xml; path = Info.plist; sourceTree = "<group>"; };
		DC6592552488F9B400D19765 /* main.m */ = {isa = PBXFileReference; lastKnownFileType = sourcecode.c.objc; path = main.m; sourceTree = "<group>"; };
		DC6592932489D5DD00D19765 /* AppDelegate.h */ = {isa = PBXFileReference; fileEncoding = 4; lastKnownFileType = sourcecode.c.h; path = AppDelegate.h; sourceTree = "<group>"; };
		DC6592952489D5DD00D19765 /* AppDelegate.m */ = {isa = PBXFileReference; fileEncoding = 4; lastKnownFileType = sourcecode.c.objc; path = AppDelegate.m; sourceTree = "<group>"; };
		DC6592992489D5DD00D19765 /* BaseViewController.m */ = {isa = PBXFileReference; fileEncoding = 4; lastKnownFileType = sourcecode.c.objc; path = BaseViewController.m; sourceTree = "<group>"; };
		DC65929A2489D5DD00D19765 /* BaseTabbarController.h */ = {isa = PBXFileReference; fileEncoding = 4; lastKnownFileType = sourcecode.c.h; path = BaseTabbarController.h; sourceTree = "<group>"; };
		DC65929B2489D5DD00D19765 /* BaseNavigationController.m */ = {isa = PBXFileReference; fileEncoding = 4; lastKnownFileType = sourcecode.c.objc; path = BaseNavigationController.m; sourceTree = "<group>"; };
		DC65929C2489D5DD00D19765 /* BaseNavigationController.h */ = {isa = PBXFileReference; fileEncoding = 4; lastKnownFileType = sourcecode.c.h; path = BaseNavigationController.h; sourceTree = "<group>"; };
		DC65929D2489D5DD00D19765 /* BaseTabbarController.m */ = {isa = PBXFileReference; fileEncoding = 4; lastKnownFileType = sourcecode.c.objc; path = BaseTabbarController.m; sourceTree = "<group>"; };
		DC65929E2489D5DD00D19765 /* BaseViewController.h */ = {isa = PBXFileReference; fileEncoding = 4; lastKnownFileType = sourcecode.c.h; path = BaseViewController.h; sourceTree = "<group>"; };
		DC6592A42489DA4600D19765 /* TSLaunchViewController.h */ = {isa = PBXFileReference; lastKnownFileType = sourcecode.c.h; path = TSLaunchViewController.h; sourceTree = "<group>"; };
		DC6592A52489DA4600D19765 /* TSLaunchViewController.m */ = {isa = PBXFileReference; lastKnownFileType = sourcecode.c.objc; path = TSLaunchViewController.m; sourceTree = "<group>"; };
		DC751585248E2CD1004FE068 /* TSNetworkManager.h */ = {isa = PBXFileReference; lastKnownFileType = sourcecode.c.h; path = TSNetworkManager.h; sourceTree = "<group>"; };
		DC751586248E2CD1004FE068 /* TSNetworkManager.m */ = {isa = PBXFileReference; lastKnownFileType = sourcecode.c.objc; path = TSNetworkManager.m; sourceTree = "<group>"; };
		DC751588248E2D32004FE068 /* TSBaseRequest.h */ = {isa = PBXFileReference; lastKnownFileType = sourcecode.c.h; path = TSBaseRequest.h; sourceTree = "<group>"; };
		DC751589248E2D32004FE068 /* TSBaseRequest.m */ = {isa = PBXFileReference; lastKnownFileType = sourcecode.c.objc; path = TSBaseRequest.m; sourceTree = "<group>"; };
		DC75158B248E479E004FE068 /* TSNetworkConstant.h */ = {isa = PBXFileReference; lastKnownFileType = sourcecode.c.h; path = TSNetworkConstant.h; sourceTree = "<group>"; };
		F45E9F64285F2ABAC1C04151 /* Pods-TVStationProject.debug.xcconfig */ = {isa = PBXFileReference; includeInIndex = 1; lastKnownFileType = text.xcconfig; name = "Pods-TVStationProject.debug.xcconfig"; path = "Target Support Files/Pods-TVStationProject/Pods-TVStationProject.debug.xcconfig"; sourceTree = "<group>"; };
/* End PBXFileReference section */

/* Begin PBXFrameworksBuildPhase section */
		DC65923D2488F9B300D19765 /* Frameworks */ = {
			isa = PBXFrameworksBuildPhase;
			buildActionMask = 2147483647;
			files = (
				9E45771CDF715126B23452E3 /* libPods-TVStationProject.a in Frameworks */,
			);
			runOnlyForDeploymentPostprocessing = 0;
		};
/* End PBXFrameworksBuildPhase section */

/* Begin PBXGroup section */
		07E26DE91111880DEBCC4488 /* Pods */ = {
			isa = PBXGroup;
			children = (
				F45E9F64285F2ABAC1C04151 /* Pods-TVStationProject.debug.xcconfig */,
				DC4B7022BE4D60EB8379C0A3 /* Pods-TVStationProject.release.xcconfig */,
			);
			path = Pods;
			sourceTree = "<group>";
		};
		9AC29C52F1050D04E247E041 /* Frameworks */ = {
			isa = PBXGroup;
			children = (
				55DAA1BFFD7AB213E0769A17 /* libPods-TVStationProject.a */,
			);
			name = Frameworks;
			sourceTree = "<group>";
		};
		DC5A5B44248DED3800FD6997 /* Resource */ = {
			isa = PBXGroup;
			children = (
				DC5A5B45248DED3800FD6997 /* Assets.xcassets */,
			);
			name = Resource;
			path = TVStationProject/Resource;
			sourceTree = SOURCE_ROOT;
		};
		DC6592372488F9B300D19765 = {
			isa = PBXGroup;
			children = (
				DC6592422488F9B300D19765 /* TVStationProject */,
				DC6592412488F9B300D19765 /* Products */,
				07E26DE91111880DEBCC4488 /* Pods */,
				9AC29C52F1050D04E247E041 /* Frameworks */,
			);
			sourceTree = "<group>";
		};
		DC6592412488F9B300D19765 /* Products */ = {
			isa = PBXGroup;
			children = (
				DC6592402488F9B300D19765 /* TVStationProject.app */,
			);
			name = Products;
			sourceTree = "<group>";
		};
		DC6592422488F9B300D19765 /* TVStationProject */ = {
			isa = PBXGroup;
			children = (
				DC65928B2489D5DD00D19765 /* Classes */,
				DC5A5B44248DED3800FD6997 /* Resource */,
				DC6592512488F9B400D19765 /* LaunchScreen.storyboard */,
				DC6592542488F9B400D19765 /* Info.plist */,
				DC6592552488F9B400D19765 /* main.m */,
			);
			path = TVStationProject;
			sourceTree = "<group>";
		};
		DC65928B2489D5DD00D19765 /* Classes */ = {
			isa = PBXGroup;
			children = (
				DC6592922489D5DD00D19765 /* AppDelegate */,
				DC751582248E264F004FE068 /* ThirdPart */,
				DC6592982489D5DD00D19765 /* Base */,
				DC6592972489D5DD00D19765 /* Categories */,
				DC65928C2489D5DD00D19765 /* Utils */,
				DC65928D2489D5DD00D19765 /* ViewControllers */,
			);
			path = Classes;
			sourceTree = "<group>";
		};
		DC65928C2489D5DD00D19765 /* Utils */ = {
			isa = PBXGroup;
			children = (
			);
			path = Utils;
			sourceTree = "<group>";
		};
		DC65928D2489D5DD00D19765 /* ViewControllers */ = {
			isa = PBXGroup;
			children = (
				DC65928E2489D5DD00D19765 /* TSLaunchViewController */,
			);
			path = ViewControllers;
			sourceTree = "<group>";
		};
		DC65928E2489D5DD00D19765 /* TSLaunchViewController */ = {
			isa = PBXGroup;
			children = (
				DC65928F2489D5DD00D19765 /* Manager */,
				DC6592902489D5DD00D19765 /* View */,
				DC6592912489D5DD00D19765 /* ViewController */,
			);
			path = TSLaunchViewController;
			sourceTree = "<group>";
		};
		DC65928F2489D5DD00D19765 /* Manager */ = {
			isa = PBXGroup;
			children = (
			);
			path = Manager;
			sourceTree = "<group>";
		};
		DC6592902489D5DD00D19765 /* View */ = {
			isa = PBXGroup;
			children = (
			);
			path = View;
			sourceTree = "<group>";
		};
		DC6592912489D5DD00D19765 /* ViewController */ = {
			isa = PBXGroup;
			children = (
				DC6592A42489DA4600D19765 /* TSLaunchViewController.h */,
				DC6592A52489DA4600D19765 /* TSLaunchViewController.m */,
			);
			path = ViewController;
			sourceTree = "<group>";
		};
		DC6592922489D5DD00D19765 /* AppDelegate */ = {
			isa = PBXGroup;
			children = (
				DC6592932489D5DD00D19765 /* AppDelegate.h */,
				DC6592952489D5DD00D19765 /* AppDelegate.m */,
			);
			path = AppDelegate;
			sourceTree = "<group>";
		};
		DC6592972489D5DD00D19765 /* Categories */ = {
			isa = PBXGroup;
			children = (
			);
			path = Categories;
			sourceTree = "<group>";
		};
		DC6592982489D5DD00D19765 /* Base */ = {
			isa = PBXGroup;
			children = (
				DC65929E2489D5DD00D19765 /* BaseViewController.h */,
				DC6592992489D5DD00D19765 /* BaseViewController.m */,
				DC65929C2489D5DD00D19765 /* BaseNavigationController.h */,
				DC65929B2489D5DD00D19765 /* BaseNavigationController.m */,
				DC65929A2489D5DD00D19765 /* BaseTabbarController.h */,
				DC65929D2489D5DD00D19765 /* BaseTabbarController.m */,
			);
			path = Base;
			sourceTree = "<group>";
		};
		DC751582248E264F004FE068 /* ThirdPart */ = {
			isa = PBXGroup;
			children = (
				DC751583248E264F004FE068 /* AFNetworking */,
				DC751584248E264F004FE068 /* SDWebImage */,
			);
			path = ThirdPart;
			sourceTree = "<group>";
		};
		DC751583248E264F004FE068 /* AFNetworking */ = {
			isa = PBXGroup;
			children = (
				DC751585248E2CD1004FE068 /* TSNetworkManager.h */,
				DC751586248E2CD1004FE068 /* TSNetworkManager.m */,
				DC751588248E2D32004FE068 /* TSBaseRequest.h */,
				DC751589248E2D32004FE068 /* TSBaseRequest.m */,
				DC0EBA66248F630E00CA22F9 /* TSNetworkUtil.h */,
				DC0EBA67248F630E00CA22F9 /* TSNetworkUtil.m */,
				DC75158B248E479E004FE068 /* TSNetworkConstant.h */,
			);
			path = AFNetworking;
			sourceTree = "<group>";
		};
		DC751584248E264F004FE068 /* SDWebImage */ = {
			isa = PBXGroup;
			children = (
			);
			path = SDWebImage;
			sourceTree = "<group>";
		};
/* End PBXGroup section */

/* Begin PBXNativeTarget section */
		DC65923F2488F9B300D19765 /* TVStationProject */ = {
			isa = PBXNativeTarget;
			buildConfigurationList = DC6592592488F9B400D19765 /* Build configuration list for PBXNativeTarget "TVStationProject" */;
			buildPhases = (
				6142C9B3B6063ECF1724108B /* [CP] Check Pods Manifest.lock */,
				DC65923C2488F9B300D19765 /* Sources */,
				DC65923D2488F9B300D19765 /* Frameworks */,
				DC65923E2488F9B300D19765 /* Resources */,
			);
			buildRules = (
			);
			dependencies = (
			);
			name = TVStationProject;
			productName = TVStationProject;
			productReference = DC6592402488F9B300D19765 /* TVStationProject.app */;
			productType = "com.apple.product-type.application";
		};
/* End PBXNativeTarget section */

/* Begin PBXProject section */
		DC6592382488F9B300D19765 /* Project object */ = {
			isa = PBXProject;
			attributes = {
				LastUpgradeCheck = 1130;
				ORGANIZATIONNAME = "徐世船";
				TargetAttributes = {
					DC65923F2488F9B300D19765 = {
						CreatedOnToolsVersion = 11.3.1;
					};
				};
			};
			buildConfigurationList = DC65923B2488F9B300D19765 /* Build configuration list for PBXProject "TVStationProject" */;
			compatibilityVersion = "Xcode 9.3";
			developmentRegion = en;
			hasScannedForEncodings = 0;
			knownRegions = (
				en,
				Base,
			);
			mainGroup = DC6592372488F9B300D19765;
			productRefGroup = DC6592412488F9B300D19765 /* Products */;
			projectDirPath = "";
			projectRoot = "";
			targets = (
				DC65923F2488F9B300D19765 /* TVStationProject */,
			);
		};
/* End PBXProject section */

/* Begin PBXResourcesBuildPhase section */
		DC65923E2488F9B300D19765 /* Resources */ = {
			isa = PBXResourcesBuildPhase;
			buildActionMask = 2147483647;
			files = (
				DC5A5B46248DED3800FD6997 /* Assets.xcassets in Resources */,
				DC6592532488F9B400D19765 /* LaunchScreen.storyboard in Resources */,
			);
			runOnlyForDeploymentPostprocessing = 0;
		};
/* End PBXResourcesBuildPhase section */

/* Begin PBXShellScriptBuildPhase section */
		6142C9B3B6063ECF1724108B /* [CP] Check Pods Manifest.lock */ = {
			isa = PBXShellScriptBuildPhase;
			buildActionMask = 2147483647;
			files = (
			);
			inputFileListPaths = (
			);
			inputPaths = (
				"${PODS_PODFILE_DIR_PATH}/Podfile.lock",
				"${PODS_ROOT}/Manifest.lock",
			);
			name = "[CP] Check Pods Manifest.lock";
			outputFileListPaths = (
			);
			outputPaths = (
				"$(DERIVED_FILE_DIR)/Pods-TVStationProject-checkManifestLockResult.txt",
			);
			runOnlyForDeploymentPostprocessing = 0;
			shellPath = /bin/sh;
			shellScript = "diff \"${PODS_PODFILE_DIR_PATH}/Podfile.lock\" \"${PODS_ROOT}/Manifest.lock\" > /dev/null\nif [ $? != 0 ] ; then\n    # print error to STDERR\n    echo \"error: The sandbox is not in sync with the Podfile.lock. Run 'pod install' or update your CocoaPods installation.\" >&2\n    exit 1\nfi\n# This output is used by Xcode 'outputs' to avoid re-running this script phase.\necho \"SUCCESS\" > \"${SCRIPT_OUTPUT_FILE_0}\"\n";
			showEnvVarsInLog = 0;
		};
/* End PBXShellScriptBuildPhase section */

/* Begin PBXSourcesBuildPhase section */
		DC65923C2488F9B300D19765 /* Sources */ = {
			isa = PBXSourcesBuildPhase;
			buildActionMask = 2147483647;
			files = (
				DC6592562488F9B400D19765 /* main.m in Sources */,
				DC6592A62489DA4600D19765 /* TSLaunchViewController.m in Sources */,
				DC6592A12489D5DD00D19765 /* BaseViewController.m in Sources */,
				DC6592A02489D5DD00D19765 /* AppDelegate.m in Sources */,
				DC6592A32489D5DD00D19765 /* BaseTabbarController.m in Sources */,
				DC75158A248E2D32004FE068 /* TSBaseRequest.m in Sources */,
				DC6592A22489D5DD00D19765 /* BaseNavigationController.m in Sources */,
				DC0EBA68248F630E00CA22F9 /* TSNetworkUtil.m in Sources */,
				DC751587248E2CD1004FE068 /* TSNetworkManager.m in Sources */,
			);
			runOnlyForDeploymentPostprocessing = 0;
		};
/* End PBXSourcesBuildPhase section */

/* Begin PBXVariantGroup section */
		DC6592512488F9B400D19765 /* LaunchScreen.storyboard */ = {
			isa = PBXVariantGroup;
			children = (
				DC6592522488F9B400D19765 /* Base */,
			);
			name = LaunchScreen.storyboard;
			sourceTree = "<group>";
		};
/* End PBXVariantGroup section */

/* Begin XCBuildConfiguration section */
		DC6592572488F9B400D19765 /* Debug */ = {
			isa = XCBuildConfiguration;
			buildSettings = {
				ALWAYS_SEARCH_USER_PATHS = NO;
				CLANG_ANALYZER_NONNULL = YES;
				CLANG_ANALYZER_NUMBER_OBJECT_CONVERSION = YES_AGGRESSIVE;
				CLANG_CXX_LANGUAGE_STANDARD = "gnu++14";
				CLANG_CXX_LIBRARY = "libc++";
				CLANG_ENABLE_MODULES = YES;
				CLANG_ENABLE_OBJC_ARC = YES;
				CLANG_ENABLE_OBJC_WEAK = YES;
				CLANG_WARN_BLOCK_CAPTURE_AUTORELEASING = YES;
				CLANG_WARN_BOOL_CONVERSION = YES;
				CLANG_WARN_COMMA = YES;
				CLANG_WARN_CONSTANT_CONVERSION = YES;
				CLANG_WARN_DEPRECATED_OBJC_IMPLEMENTATIONS = YES;
				CLANG_WARN_DIRECT_OBJC_ISA_USAGE = YES_ERROR;
				CLANG_WARN_DOCUMENTATION_COMMENTS = YES;
				CLANG_WARN_EMPTY_BODY = YES;
				CLANG_WARN_ENUM_CONVERSION = YES;
				CLANG_WARN_INFINITE_RECURSION = YES;
				CLANG_WARN_INT_CONVERSION = YES;
				CLANG_WARN_NON_LITERAL_NULL_CONVERSION = YES;
				CLANG_WARN_OBJC_IMPLICIT_RETAIN_SELF = YES;
				CLANG_WARN_OBJC_LITERAL_CONVERSION = YES;
				CLANG_WARN_OBJC_ROOT_CLASS = YES_ERROR;
				CLANG_WARN_RANGE_LOOP_ANALYSIS = YES;
				CLANG_WARN_STRICT_PROTOTYPES = YES;
				CLANG_WARN_SUSPICIOUS_MOVE = YES;
				CLANG_WARN_UNGUARDED_AVAILABILITY = YES_AGGRESSIVE;
				CLANG_WARN_UNREACHABLE_CODE = YES;
				CLANG_WARN__DUPLICATE_METHOD_MATCH = YES;
				COPY_PHASE_STRIP = NO;
				DEBUG_INFORMATION_FORMAT = dwarf;
				ENABLE_STRICT_OBJC_MSGSEND = YES;
				ENABLE_TESTABILITY = YES;
				GCC_C_LANGUAGE_STANDARD = gnu11;
				GCC_DYNAMIC_NO_PIC = NO;
				GCC_NO_COMMON_BLOCKS = YES;
				GCC_OPTIMIZATION_LEVEL = 0;
				GCC_PREPROCESSOR_DEFINITIONS = (
					"DEBUG=1",
					"$(inherited)",
				);
				GCC_WARN_64_TO_32_BIT_CONVERSION = YES;
				GCC_WARN_ABOUT_RETURN_TYPE = YES_ERROR;
				GCC_WARN_UNDECLARED_SELECTOR = YES;
				GCC_WARN_UNINITIALIZED_AUTOS = YES_AGGRESSIVE;
				GCC_WARN_UNUSED_FUNCTION = YES;
				GCC_WARN_UNUSED_VARIABLE = YES;
				IPHONEOS_DEPLOYMENT_TARGET = 13.2;
				MTL_ENABLE_DEBUG_INFO = INCLUDE_SOURCE;
				MTL_FAST_MATH = YES;
				ONLY_ACTIVE_ARCH = YES;
				SDKROOT = iphoneos;
			};
			name = Debug;
		};
		DC6592582488F9B400D19765 /* Release */ = {
			isa = XCBuildConfiguration;
			buildSettings = {
				ALWAYS_SEARCH_USER_PATHS = NO;
				CLANG_ANALYZER_NONNULL = YES;
				CLANG_ANALYZER_NUMBER_OBJECT_CONVERSION = YES_AGGRESSIVE;
				CLANG_CXX_LANGUAGE_STANDARD = "gnu++14";
				CLANG_CXX_LIBRARY = "libc++";
				CLANG_ENABLE_MODULES = YES;
				CLANG_ENABLE_OBJC_ARC = YES;
				CLANG_ENABLE_OBJC_WEAK = YES;
				CLANG_WARN_BLOCK_CAPTURE_AUTORELEASING = YES;
				CLANG_WARN_BOOL_CONVERSION = YES;
				CLANG_WARN_COMMA = YES;
				CLANG_WARN_CONSTANT_CONVERSION = YES;
				CLANG_WARN_DEPRECATED_OBJC_IMPLEMENTATIONS = YES;
				CLANG_WARN_DIRECT_OBJC_ISA_USAGE = YES_ERROR;
				CLANG_WARN_DOCUMENTATION_COMMENTS = YES;
				CLANG_WARN_EMPTY_BODY = YES;
				CLANG_WARN_ENUM_CONVERSION = YES;
				CLANG_WARN_INFINITE_RECURSION = YES;
				CLANG_WARN_INT_CONVERSION = YES;
				CLANG_WARN_NON_LITERAL_NULL_CONVERSION = YES;
				CLANG_WARN_OBJC_IMPLICIT_RETAIN_SELF = YES;
				CLANG_WARN_OBJC_LITERAL_CONVERSION = YES;
				CLANG_WARN_OBJC_ROOT_CLASS = YES_ERROR;
				CLANG_WARN_RANGE_LOOP_ANALYSIS = YES;
				CLANG_WARN_STRICT_PROTOTYPES = YES;
				CLANG_WARN_SUSPICIOUS_MOVE = YES;
				CLANG_WARN_UNGUARDED_AVAILABILITY = YES_AGGRESSIVE;
				CLANG_WARN_UNREACHABLE_CODE = YES;
				CLANG_WARN__DUPLICATE_METHOD_MATCH = YES;
				COPY_PHASE_STRIP = NO;
				DEBUG_INFORMATION_FORMAT = "dwarf-with-dsym";
				ENABLE_NS_ASSERTIONS = NO;
				ENABLE_STRICT_OBJC_MSGSEND = YES;
				GCC_C_LANGUAGE_STANDARD = gnu11;
				GCC_NO_COMMON_BLOCKS = YES;
				GCC_WARN_64_TO_32_BIT_CONVERSION = YES;
				GCC_WARN_ABOUT_RETURN_TYPE = YES_ERROR;
				GCC_WARN_UNDECLARED_SELECTOR = YES;
				GCC_WARN_UNINITIALIZED_AUTOS = YES_AGGRESSIVE;
				GCC_WARN_UNUSED_FUNCTION = YES;
				GCC_WARN_UNUSED_VARIABLE = YES;
				IPHONEOS_DEPLOYMENT_TARGET = 13.2;
				MTL_ENABLE_DEBUG_INFO = NO;
				MTL_FAST_MATH = YES;
				SDKROOT = iphoneos;
				VALIDATE_PRODUCT = YES;
			};
			name = Release;
		};
		DC65925A2488F9B400D19765 /* Debug */ = {
			isa = XCBuildConfiguration;
			baseConfigurationReference = F45E9F64285F2ABAC1C04151 /* Pods-TVStationProject.debug.xcconfig */;
			buildSettings = {
				ASSETCATALOG_COMPILER_APPICON_NAME = AppIcon;
				CODE_SIGN_STYLE = Automatic;
				DEVELOPMENT_TEAM = 6C83B662A5;
				INFOPLIST_FILE = TVStationProject/Info.plist;
				IPHONEOS_DEPLOYMENT_TARGET = 9.0;
				LD_RUNPATH_SEARCH_PATHS = (
					"$(inherited)",
					"@executable_path/Frameworks",
				);
				PRODUCT_BUNDLE_IDENTIFIER = com.xsc.xushichuan.TVStationProject;
				PRODUCT_NAME = "$(TARGET_NAME)";
				TARGETED_DEVICE_FAMILY = "1,2";
			};
			name = Debug;
		};
		DC65925B2488F9B400D19765 /* Release */ = {
			isa = XCBuildConfiguration;
			baseConfigurationReference = DC4B7022BE4D60EB8379C0A3 /* Pods-TVStationProject.release.xcconfig */;
			buildSettings = {
				ASSETCATALOG_COMPILER_APPICON_NAME = AppIcon;
				CODE_SIGN_STYLE = Automatic;
				DEVELOPMENT_TEAM = 6C83B662A5;
				INFOPLIST_FILE = TVStationProject/Info.plist;
				IPHONEOS_DEPLOYMENT_TARGET = 9.0;
				LD_RUNPATH_SEARCH_PATHS = (
					"$(inherited)",
					"@executable_path/Frameworks",
				);
				PRODUCT_BUNDLE_IDENTIFIER = com.xsc.xushichuan.TVStationProject;
				PRODUCT_NAME = "$(TARGET_NAME)";
				TARGETED_DEVICE_FAMILY = "1,2";
			};
			name = Release;
		};
/* End XCBuildConfiguration section */

/* Begin XCConfigurationList section */
		DC65923B2488F9B300D19765 /* Build configuration list for PBXProject "TVStationProject" */ = {
			isa = XCConfigurationList;
			buildConfigurations = (
				DC6592572488F9B400D19765 /* Debug */,
				DC6592582488F9B400D19765 /* Release */,
			);
			defaultConfigurationIsVisible = 0;
			defaultConfigurationName = Release;
		};
		DC6592592488F9B400D19765 /* Build configuration list for PBXNativeTarget "TVStationProject" */ = {
			isa = XCConfigurationList;
			buildConfigurations = (
				DC65925A2488F9B400D19765 /* Debug */,
				DC65925B2488F9B400D19765 /* Release */,
			);
			defaultConfigurationIsVisible = 0;
			defaultConfigurationName = Release;
		};
/* End XCConfigurationList section */
	};
	rootObject = DC6592382488F9B300D19765 /* Project object */;
}
